
Microsoft Visual Studio Solution File, Format Version 12.00
# Visual Studio Version 17
VisualStudioVersion = 17.2.32526.322
MinimumVisualStudioVersion = 10.0.40219.1
Project("{9A19103F-16F7-4668-BE54-9A1E7A4F7556}") = "Swashbuckle.AspNetCore.CleanRequests", "src\Swashbuckle.AspNetCore.CleanRequests\Swashbuckle.AspNetCore.CleanRequests.csproj", "{EA933056-2039-44C7-B7C3-C30AD0C39514}"
EndProject
Project("{2150E333-8FDC-42A3-9474-1A3956D46DE8}") = "src", "src", "{94ED4FD4-21DD-417A-BBE9-70B5D07311B6}"
EndProject
Project("{2150E333-8FDC-42A3-9474-1A3956D46DE8}") = "test", "test", "{4653F393-35CD-4CAB-B401-238AA634B315}"
EndProject
Project("{FAE04EC0-301F-11D3-BF4B-00C04F79EFBC}") = "Swashbuckle.AspNetCore.CleanRequests.UnitTests", "test\Swashbuckle.AspNetCore.CleanRequests.UnitTests\Swashbuckle.AspNetCore.CleanRequests.UnitTests.csproj", "{33BF815C-6009-4163-8009-52493F976551}"
EndProject
Global
	GlobalSection(SolutionConfigurationPlatforms) = preSolution
		Debug|Any CPU = Debug|Any CPU
		Release|Any CPU = Release|Any CPU
	EndGlobalSection
	GlobalSection(ProjectConfigurationPlatforms) = postSolution
		{EA933056-2039-44C7-B7C3-C30AD0C39514}.Debug|Any CPU.ActiveCfg = Debug|Any CPU
		{EA933056-2039-44C7-B7C3-C30AD0C39514}.Debug|Any CPU.Build.0 = Debug|Any CPU
		{EA933056-2039-44C7-B7C3-C30AD0C39514}.Release|Any CPU.ActiveCfg = Release|Any CPU
		{EA933056-2039-44C7-B7C3-C30AD0C39514}.Release|Any CPU.Build.0 = Release|Any CPU
		{33BF815C-6009-4163-8009-52493F976551}.Debug|Any CPU.ActiveCfg = Debug|Any CPU
		{33BF815C-6009-4163-8009-52493F976551}.Debug|Any CPU.Build.0 = Debug|Any CPU
		{33BF815C-6009-4163-8009-52493F976551}.Release|Any CPU.ActiveCfg = Release|Any CPU
		{33BF815C-6009-4163-8009-52493F976551}.Release|Any CPU.Build.0 = Release|Any CPU
	EndGlobalSection
	GlobalSection(SolutionProperties) = preSolution
		HideSolutionNode = FALSE
	EndGlobalSection
	GlobalSection(NestedProjects) = preSolution
		{EA933056-2039-44C7-B7C3-C30AD0C39514} = {94ED4FD4-21DD-417A-BBE9-70B5D07311B6}
		{33BF815C-6009-4163-8009-52493F976551} = {4653F393-35CD-4CAB-B401-238AA634B315}
	EndGlobalSection
	GlobalSection(ExtensibilityGlobals) = postSolution
		SolutionGuid = {13688A31-767A-401A-9B5F-93C1C02C4B06}
	EndGlobalSection
EndGlobal
